// !$*UTF8*$!
{
	archiveVersion = 1;
	classes = {
	};
	objectVersion = 56;
	objects = {

/* Begin PBXBuildFile section */
		F87D9DAB2CD7E39300B87B0E /* AppDelegate.swift in Sources */ = {isa = PBXBuildFile; fileRef = F87D9DAA2CD7E39300B87B0E /* AppDelegate.swift */; };
		F87D9DAD2CD7E39300B87B0E /* SceneDelegate.swift in Sources */ = {isa = PBXBuildFile; fileRef = F87D9DAC2CD7E39300B87B0E /* SceneDelegate.swift */; };
		F87D9DAF2CD7E39300B87B0E /* ViewController.swift in Sources */ = {isa = PBXBuildFile; fileRef = F87D9DAE2CD7E39300B87B0E /* ViewController.swift */; };
		F87D9DB22CD7E39300B87B0E /* Main.storyboard in Resources */ = {isa = PBXBuildFile; fileRef = F87D9DB02CD7E39300B87B0E /* Main.storyboard */; };
		F87D9DB42CD7E39400B87B0E /* Assets.xcassets in Resources */ = {isa = PBXBuildFile; fileRef = F87D9DB32CD7E39400B87B0E /* Assets.xcassets */; };
		F87D9DB72CD7E39400B87B0E /* LaunchScreen.storyboard in Resources */ = {isa = PBXBuildFile; fileRef = F87D9DB52CD7E39400B87B0E /* LaunchScreen.storyboard */; };
		F87D9DC22CD7E39400B87B0E /* SportRadarTests.swift in Sources */ = {isa = PBXBuildFile; fileRef = F87D9DC12CD7E39400B87B0E /* SportRadarTests.swift */; };
		F87D9DCC2CD7E39400B87B0E /* SportRadarUITests.swift in Sources */ = {isa = PBXBuildFile; fileRef = F87D9DCB2CD7E39400B87B0E /* SportRadarUITests.swift */; };
		F87D9DCE2CD7E39400B87B0E /* SportRadarUITestsLaunchTests.swift in Sources */ = {isa = PBXBuildFile; fileRef = F87D9DCD2CD7E39400B87B0E /* SportRadarUITestsLaunchTests.swift */; };
		F87D9DE22CD7FD1A00B87B0E /* VolumeControlView.swift in Sources */ = {isa = PBXBuildFile; fileRef = F87D9DE12CD7FD1A00B87B0E /* VolumeControlView.swift */; };
		F884D1B72CD83383006A1625 /* VolumeControlView.swift in Sources */ = {isa = PBXBuildFile; fileRef = F87D9DE12CD7FD1A00B87B0E /* VolumeControlView.swift */; };
		F884D1B92CD8355A006A1625 /* ViewControllerTests.swift in Sources */ = {isa = PBXBuildFile; fileRef = F884D1B82CD8355A006A1625 /* ViewControllerTests.swift */; };
		F884D1BA2CD8355E006A1625 /* ViewController.swift in Sources */ = {isa = PBXBuildFile; fileRef = F87D9DAE2CD7E39300B87B0E /* ViewController.swift */; };
/* End PBXBuildFile section */

/* Begin PBXContainerItemProxy section */
		F87D9DBE2CD7E39400B87B0E /* PBXContainerItemProxy */ = {
			isa = PBXContainerItemProxy;
			containerPortal = F87D9D9F2CD7E39300B87B0E /* Project object */;
			proxyType = 1;
			remoteGlobalIDString = F87D9DA62CD7E39300B87B0E;
			remoteInfo = SportRadar;
		};
		F87D9DC82CD7E39400B87B0E /* PBXContainerItemProxy */ = {
			isa = PBXContainerItemProxy;
			containerPortal = F87D9D9F2CD7E39300B87B0E /* Project object */;
			proxyType = 1;
			remoteGlobalIDString = F87D9DA62CD7E39300B87B0E;
			remoteInfo = SportRadar;
		};
/* End PBXContainerItemProxy section */

/* Begin PBXFileReference section */
		F87D9DA72CD7E39300B87B0E /* SportRadar.app */ = {isa = PBXFileReference; explicitFileType = wrapper.application; includeInIndex = 0; path = SportRadar.app; sourceTree = BUILT_PRODUCTS_DIR; };
		F87D9DAA2CD7E39300B87B0E /* AppDelegate.swift */ = {isa = PBXFileReference; lastKnownFileType = sourcecode.swift; path = AppDelegate.swift; sourceTree = "<group>"; };
		F87D9DAC2CD7E39300B87B0E /* SceneDelegate.swift */ = {isa = PBXFileReference; lastKnownFileType = sourcecode.swift; path = SceneDelegate.swift; sourceTree = "<group>"; };
		F87D9DAE2CD7E39300B87B0E /* ViewController.swift */ = {isa = PBXFileReference; lastKnownFileType = sourcecode.swift; path = ViewController.swift; sourceTree = "<group>"; };
		F87D9DB12CD7E39300B87B0E /* Base */ = {isa = PBXFileReference; lastKnownFileType = file.storyboard; name = Base; path = Base.lproj/Main.storyboard; sourceTree = "<group>"; };
		F87D9DB32CD7E39400B87B0E /* Assets.xcassets */ = {isa = PBXFileReference; lastKnownFileType = folder.assetcatalog; path = Assets.xcassets; sourceTree = "<group>"; };
		F87D9DB62CD7E39400B87B0E /* Base */ = {isa = PBXFileReference; lastKnownFileType = file.storyboard; name = Base; path = Base.lproj/LaunchScreen.storyboard; sourceTree = "<group>"; };
		F87D9DB82CD7E39400B87B0E /* Info.plist */ = {isa = PBXFileReference; lastKnownFileType = text.plist.xml; path = Info.plist; sourceTree = "<group>"; };
		F87D9DBD2CD7E39400B87B0E /* SportRadarTests.xctest */ = {isa = PBXFileReference; explicitFileType = wrapper.cfbundle; includeInIndex = 0; path = SportRadarTests.xctest; sourceTree = BUILT_PRODUCTS_DIR; };
		F87D9DC12CD7E39400B87B0E /* SportRadarTests.swift */ = {isa = PBXFileReference; lastKnownFileType = sourcecode.swift; path = SportRadarTests.swift; sourceTree = "<group>"; };
		F87D9DC72CD7E39400B87B0E /* SportRadarUITests.xctest */ = {isa = PBXFileReference; explicitFileType = wrapper.cfbundle; includeInIndex = 0; path = SportRadarUITests.xctest; sourceTree = BUILT_PRODUCTS_DIR; };
		F87D9DCB2CD7E39400B87B0E /* SportRadarUITests.swift */ = {isa = PBXFileReference; lastKnownFileType = sourcecode.swift; path = SportRadarUITests.swift; sourceTree = "<group>"; };
		F87D9DCD2CD7E39400B87B0E /* SportRadarUITestsLaunchTests.swift */ = {isa = PBXFileReference; lastKnownFileType = sourcecode.swift; path = SportRadarUITestsLaunchTests.swift; sourceTree = "<group>"; };
		F87D9DE12CD7FD1A00B87B0E /* VolumeControlView.swift */ = {isa = PBXFileReference; lastKnownFileType = sourcecode.swift; path = VolumeControlView.swift; sourceTree = "<group>"; };
		F884D1B82CD8355A006A1625 /* ViewControllerTests.swift */ = {isa = PBXFileReference; lastKnownFileType = sourcecode.swift; path = ViewControllerTests.swift; sourceTree = "<group>"; };
/* End PBXFileReference section */

/* Begin PBXFrameworksBuildPhase section */
		F87D9DA42CD7E39300B87B0E /* Frameworks */ = {
			isa = PBXFrameworksBuildPhase;
			buildActionMask = 2147483647;
			files = (
			);
			runOnlyForDeploymentPostprocessing = 0;
		};
		F87D9DBA2CD7E39400B87B0E /* Frameworks */ = {
			isa = PBXFrameworksBuildPhase;
			buildActionMask = 2147483647;
			files = (
			);
			runOnlyForDeploymentPostprocessing = 0;
		};
		F87D9DC42CD7E39400B87B0E /* Frameworks */ = {
			isa = PBXFrameworksBuildPhase;
			buildActionMask = 2147483647;
			files = (
			);
			runOnlyForDeploymentPostprocessing = 0;
		};
/* End PBXFrameworksBuildPhase section */

/* Begin PBXGroup section */
		F87D9D9E2CD7E39300B87B0E = {
			isa = PBXGroup;
			children = (
				F87D9DA92CD7E39300B87B0E /* SportRadar */,
				F87D9DC02CD7E39400B87B0E /* SportRadarTests */,
				F87D9DCA2CD7E39400B87B0E /* SportRadarUITests */,
				F87D9DA82CD7E39300B87B0E /* Products */,
			);
			sourceTree = "<group>";
		};
		F87D9DA82CD7E39300B87B0E /* Products */ = {
			isa = PBXGroup;
			children = (
				F87D9DA72CD7E39300B87B0E /* SportRadar.app */,
				F87D9DBD2CD7E39400B87B0E /* SportRadarTests.xctest */,
				F87D9DC72CD7E39400B87B0E /* SportRadarUITests.xctest */,
			);
			name = Products;
			sourceTree = "<group>";
		};
		F87D9DA92CD7E39300B87B0E /* SportRadar */ = {
			isa = PBXGroup;
			children = (
				F87D9DDC2CD7EA7900B87B0E /* Component */,
				F87D9DDB2CD7EA5D00B87B0E /* MainView */,
				F87D9DDA2CD7EA5300B87B0E /* delegates */,
				F87D9DB02CD7E39300B87B0E /* Main.storyboard */,
				F87D9DB32CD7E39400B87B0E /* Assets.xcassets */,
				F87D9DB52CD7E39400B87B0E /* LaunchScreen.storyboard */,
				F87D9DB82CD7E39400B87B0E /* Info.plist */,
			);
			path = SportRadar;
			sourceTree = "<group>";
		};
		F87D9DC02CD7E39400B87B0E /* SportRadarTests */ = {
			isa = PBXGroup;
			children = (
				F87D9DC12CD7E39400B87B0E /* SportRadarTests.swift */,
				F884D1B82CD8355A006A1625 /* ViewControllerTests.swift */,
			);
			path = SportRadarTests;
			sourceTree = "<group>";
		};
		F87D9DCA2CD7E39400B87B0E /* SportRadarUITests */ = {
			isa = PBXGroup;
			children = (
				F87D9DCB2CD7E39400B87B0E /* SportRadarUITests.swift */,
				F87D9DCD2CD7E39400B87B0E /* SportRadarUITestsLaunchTests.swift */,
			);
			path = SportRadarUITests;
			sourceTree = "<group>";
		};
		F87D9DDA2CD7EA5300B87B0E /* delegates */ = {
			isa = PBXGroup;
			children = (
				F87D9DAA2CD7E39300B87B0E /* AppDelegate.swift */,
				F87D9DAC2CD7E39300B87B0E /* SceneDelegate.swift */,
			);
			path = delegates;
			sourceTree = "<group>";
		};
		F87D9DDB2CD7EA5D00B87B0E /* MainView */ = {
			isa = PBXGroup;
			children = (
				F87D9DAE2CD7E39300B87B0E /* ViewController.swift */,
			);
			path = MainView;
			sourceTree = "<group>";
		};
		F87D9DDC2CD7EA7900B87B0E /* Component */ = {
			isa = PBXGroup;
			children = (
				F87D9DE12CD7FD1A00B87B0E /* VolumeControlView.swift */,
			);
			path = Component;
			sourceTree = "<group>";
		};
/* End PBXGroup section */

/* Begin PBXNativeTarget section */
		F87D9DA62CD7E39300B87B0E /* SportRadar */ = {
			isa = PBXNativeTarget;
			buildConfigurationList = F87D9DD12CD7E39400B87B0E /* Build configuration list for PBXNativeTarget "SportRadar" */;
			buildPhases = (
				F87D9DA32CD7E39300B87B0E /* Sources */,
				F87D9DA42CD7E39300B87B0E /* Frameworks */,
				F87D9DA52CD7E39300B87B0E /* Resources */,
			);
			buildRules = (
			);
			dependencies = (
			);
			name = SportRadar;
			productName = SportRadar;
			productReference = F87D9DA72CD7E39300B87B0E /* SportRadar.app */;
			productType = "com.apple.product-type.application";
		};
		F87D9DBC2CD7E39400B87B0E /* SportRadarTests */ = {
			isa = PBXNativeTarget;
			buildConfigurationList = F87D9DD42CD7E39400B87B0E /* Build configuration list for PBXNativeTarget "SportRadarTests" */;
			buildPhases = (
				F87D9DB92CD7E39400B87B0E /* Sources */,
				F87D9DBA2CD7E39400B87B0E /* Frameworks */,
				F87D9DBB2CD7E39400B87B0E /* Resources */,
			);
			buildRules = (
			);
			dependencies = (
				F87D9DBF2CD7E39400B87B0E /* PBXTargetDependency */,
			);
			name = SportRadarTests;
			productName = SportRadarTests;
			productReference = F87D9DBD2CD7E39400B87B0E /* SportRadarTests.xctest */;
			productType = "com.apple.product-type.bundle.unit-test";
		};
		F87D9DC62CD7E39400B87B0E /* SportRadarUITests */ = {
			isa = PBXNativeTarget;
			buildConfigurationList = F87D9DD72CD7E39400B87B0E /* Build configuration list for PBXNativeTarget "SportRadarUITests" */;
			buildPhases = (
				F87D9DC32CD7E39400B87B0E /* Sources */,
				F87D9DC42CD7E39400B87B0E /* Frameworks */,
				F87D9DC52CD7E39400B87B0E /* Resources */,
			);
			buildRules = (
			);
			dependencies = (
				F87D9DC92CD7E39400B87B0E /* PBXTargetDependency */,
			);
			name = SportRadarUITests;
			productName = SportRadarUITests;
			productReference = F87D9DC72CD7E39400B87B0E /* SportRadarUITests.xctest */;
			productType = "com.apple.product-type.bundle.ui-testing";
		};
/* End PBXNativeTarget section */

/* Begin PBXProject section */
		F87D9D9F2CD7E39300B87B0E /* Project object */ = {
			isa = PBXProject;
			attributes = {
				BuildIndependentTargetsInParallel = 1;
				LastSwiftUpdateCheck = 1500;
				LastUpgradeCheck = 1500;
				TargetAttributes = {
					F87D9DA62CD7E39300B87B0E = {
						CreatedOnToolsVersion = 15.0.1;
					};
					F87D9DBC2CD7E39400B87B0E = {
						CreatedOnToolsVersion = 15.0.1;
						TestTargetID = F87D9DA62CD7E39300B87B0E;
					};
					F87D9DC62CD7E39400B87B0E = {
						CreatedOnToolsVersion = 15.0.1;
						TestTargetID = F87D9DA62CD7E39300B87B0E;
					};
				};
			};
			buildConfigurationList = F87D9DA22CD7E39300B87B0E /* Build configuration list for PBXProject "SportRadar" */;
			compatibilityVersion = "Xcode 14.0";
			developmentRegion = en;
			hasScannedForEncodings = 0;
			knownRegions = (
				en,
				Base,
			);
			mainGroup = F87D9D9E2CD7E39300B87B0E;
			productRefGroup = F87D9DA82CD7E39300B87B0E /* Products */;
			projectDirPath = "";
			projectRoot = "";
			targets = (
				F87D9DA62CD7E39300B87B0E /* SportRadar */,
				F87D9DBC2CD7E39400B87B0E /* SportRadarTests */,
				F87D9DC62CD7E39400B87B0E /* SportRadarUITests */,
			);
		};
/* End PBXProject section */

/* Begin PBXResourcesBuildPhase section */
		F87D9DA52CD7E39300B87B0E /* Resources */ = {
			isa = PBXResourcesBuildPhase;
			buildActionMask = 2147483647;
			files = (
				F87D9DB72CD7E39400B87B0E /* LaunchScreen.storyboard in Resources */,
				F87D9DB42CD7E39400B87B0E /* Assets.xcassets in Resources */,
				F87D9DB22CD7E39300B87B0E /* Main.storyboard in Resources */,
			);
			runOnlyForDeploymentPostprocessing = 0;
		};
		F87D9DBB2CD7E39400B87B0E /* Resources */ = {
			isa = PBXResourcesBuildPhase;
			buildActionMask = 2147483647;
			files = (
			);
			runOnlyForDeploymentPostprocessing = 0;
		};
		F87D9DC52CD7E39400B87B0E /* Resources */ = {
			isa = PBXResourcesBuildPhase;
			buildActionMask = 2147483647;
			files = (
			);
			runOnlyForDeploymentPostprocessing = 0;
		};
/* End PBXResourcesBuildPhase section */

/* Begin PBXSourcesBuildPhase section */
		F87D9DA32CD7E39300B87B0E /* Sources */ = {
			isa = PBXSourcesBuildPhase;
			buildActionMask = 2147483647;
			files = (
				F87D9DAF2CD7E39300B87B0E /* ViewController.swift in Sources */,
				F87D9DAB2CD7E39300B87B0E /* AppDelegate.swift in Sources */,
				F87D9DAD2CD7E39300B87B0E /* SceneDelegate.swift in Sources */,
				F87D9DE22CD7FD1A00B87B0E /* VolumeControlView.swift in Sources */,
			);
			runOnlyForDeploymentPostprocessing = 0;
		};
		F87D9DB92CD7E39400B87B0E /* Sources */ = {
			isa = PBXSourcesBuildPhase;
			buildActionMask = 2147483647;
			files = (
				F884D1B92CD8355A006A1625 /* ViewControllerTests.swift in Sources */,
				F884D1B72CD83383006A1625 /* VolumeControlView.swift in Sources */,
				F884D1BA2CD8355E006A1625 /* ViewController.swift in Sources */,
				F87D9DC22CD7E39400B87B0E /* SportRadarTests.swift in Sources */,
			);
			runOnlyForDeploymentPostprocessing = 0;
		};
		F87D9DC32CD7E39400B87B0E /* Sources */ = {
			isa = PBXSourcesBuildPhase;
			buildActionMask = 2147483647;
			files = (
				F87D9DCE2CD7E39400B87B0E /* SportRadarUITestsLaunchTests.swift in Sources */,
				F87D9DCC2CD7E39400B87B0E /* SportRadarUITests.swift in Sources */,
			);
			runOnlyForDeploymentPostprocessing = 0;
		};
/* End PBXSourcesBuildPhase section */

/* Begin PBXTargetDependency section */
		F87D9DBF2CD7E39400B87B0E /* PBXTargetDependency */ = {
			isa = PBXTargetDependency;
			target = F87D9DA62CD7E39300B87B0E /* SportRadar */;
			targetProxy = F87D9DBE2CD7E39400B87B0E /* PBXContainerItemProxy */;
		};
		F87D9DC92CD7E39400B87B0E /* PBXTargetDependency */ = {
			isa = PBXTargetDependency;
			target = F87D9DA62CD7E39300B87B0E /* SportRadar */;
			targetProxy = F87D9DC82CD7E39400B87B0E /* PBXContainerItemProxy */;
		};
/* End PBXTargetDependency section */

/* Begin PBXVariantGroup section */
		F87D9DB02CD7E39300B87B0E /* Main.storyboard */ = {
			isa = PBXVariantGroup;
			children = (
				F87D9DB12CD7E39300B87B0E /* Base */,
			);
			name = Main.storyboard;
			sourceTree = "<group>";
		};
		F87D9DB52CD7E39400B87B0E /* LaunchScreen.storyboard */ = {
			isa = PBXVariantGroup;
			children = (
				F87D9DB62CD7E39400B87B0E /* Base */,
			);
			name = LaunchScreen.storyboard;
			sourceTree = "<group>";
		};
/* End PBXVariantGroup section */

/* Begin XCBuildConfiguration section */
		F87D9DCF2CD7E39400B87B0E /* Debug */ = {
			isa = XCBuildConfiguration;
			buildSettings = {
				ALWAYS_SEARCH_USER_PATHS = NO;
				ASSETCATALOG_COMPILER_GENERATE_SWIFT_ASSET_SYMBOL_EXTENSIONS = YES;
				CLANG_ANALYZER_NONNULL = YES;
				CLANG_ANALYZER_NUMBER_OBJECT_CONVERSION = YES_AGGRESSIVE;
				CLANG_CXX_LANGUAGE_STANDARD = "gnu++20";
				CLANG_ENABLE_MODULES = YES;
				CLANG_ENABLE_OBJC_ARC = YES;
				CLANG_ENABLE_OBJC_WEAK = YES;
				CLANG_WARN_BLOCK_CAPTURE_AUTORELEASING = YES;
				CLANG_WARN_BOOL_CONVERSION = YES;
				CLANG_WARN_COMMA = YES;
				CLANG_WARN_CONSTANT_CONVERSION = YES;
				CLANG_WARN_DEPRECATED_OBJC_IMPLEMENTATIONS = YES;
				CLANG_WARN_DIRECT_OBJC_ISA_USAGE = YES_ERROR;
				CLANG_WARN_DOCUMENTATION_COMMENTS = YES;
				CLANG_WARN_EMPTY_BODY = YES;
				CLANG_WARN_ENUM_CONVERSION = YES;
				CLANG_WARN_INFINITE_RECURSION = YES;
				CLANG_WARN_INT_CONVERSION = YES;
				CLANG_WARN_NON_LITERAL_NULL_CONVERSION = YES;
				CLANG_WARN_OBJC_IMPLICIT_RETAIN_SELF = YES;
				CLANG_WARN_OBJC_LITERAL_CONVERSION = YES;
				CLANG_WARN_OBJC_ROOT_CLASS = YES_ERROR;
				CLANG_WARN_QUOTED_INCLUDE_IN_FRAMEWORK_HEADER = YES;
				CLANG_WARN_RANGE_LOOP_ANALYSIS = YES;
				CLANG_WARN_STRICT_PROTOTYPES = YES;
				CLANG_WARN_SUSPICIOUS_MOVE = YES;
				CLANG_WARN_UNGUARDED_AVAILABILITY = YES_AGGRESSIVE;
				CLANG_WARN_UNREACHABLE_CODE = YES;
				CLANG_WARN__DUPLICATE_METHOD_MATCH = YES;
				COPY_PHASE_STRIP = NO;
				DEBUG_INFORMATION_FORMAT = dwarf;
				ENABLE_STRICT_OBJC_MSGSEND = YES;
				ENABLE_TESTABILITY = YES;
				ENABLE_USER_SCRIPT_SANDBOXING = YES;
				GCC_C_LANGUAGE_STANDARD = gnu17;
				GCC_DYNAMIC_NO_PIC = NO;
				GCC_NO_COMMON_BLOCKS = YES;
				GCC_OPTIMIZATION_LEVEL = 0;
				GCC_PREPROCESSOR_DEFINITIONS = (
					"DEBUG=1",
					"$(inherited)",
				);
				GCC_WARN_64_TO_32_BIT_CONVERSION = YES;
				GCC_WARN_ABOUT_RETURN_TYPE = YES_ERROR;
				GCC_WARN_UNDECLARED_SELECTOR = YES;
				GCC_WARN_UNINITIALIZED_AUTOS = YES_AGGRESSIVE;
				GCC_WARN_UNUSED_FUNCTION = YES;
				GCC_WARN_UNUSED_VARIABLE = YES;
				IPHONEOS_DEPLOYMENT_TARGET = 17.0;
				LOCALIZATION_PREFERS_STRING_CATALOGS = YES;
				MTL_ENABLE_DEBUG_INFO = INCLUDE_SOURCE;
				MTL_FAST_MATH = YES;
				ONLY_ACTIVE_ARCH = YES;
				SDKROOT = iphoneos;
				SWIFT_ACTIVE_COMPILATION_CONDITIONS = "DEBUG $(inherited)";
				SWIFT_OPTIMIZATION_LEVEL = "-Onone";
			};
			name = Debug;
		};
		F87D9DD02CD7E39400B87B0E /* Release */ = {
			isa = XCBuildConfiguration;
			buildSettings = {
				ALWAYS_SEARCH_USER_PATHS = NO;
				ASSETCATALOG_COMPILER_GENERATE_SWIFT_ASSET_SYMBOL_EXTENSIONS = YES;
				CLANG_ANALYZER_NONNULL = YES;
				CLANG_ANALYZER_NUMBER_OBJECT_CONVERSION = YES_AGGRESSIVE;
				CLANG_CXX_LANGUAGE_STANDARD = "gnu++20";
				CLANG_ENABLE_MODULES = YES;
				CLANG_ENABLE_OBJC_ARC = YES;
				CLANG_ENABLE_OBJC_WEAK = YES;
				CLANG_WARN_BLOCK_CAPTURE_AUTORELEASING = YES;
				CLANG_WARN_BOOL_CONVERSION = YES;
				CLANG_WARN_COMMA = YES;
				CLANG_WARN_CONSTANT_CONVERSION = YES;
				CLANG_WARN_DEPRECATED_OBJC_IMPLEMENTATIONS = YES;
				CLANG_WARN_DIRECT_OBJC_ISA_USAGE = YES_ERROR;
				CLANG_WARN_DOCUMENTATION_COMMENTS = YES;
				CLANG_WARN_EMPTY_BODY = YES;
				CLANG_WARN_ENUM_CONVERSION = YES;
				CLANG_WARN_INFINITE_RECURSION = YES;
				CLANG_WARN_INT_CONVERSION = YES;
				CLANG_WARN_NON_LITERAL_NULL_CONVERSION = YES;
				CLANG_WARN_OBJC_IMPLICIT_RETAIN_SELF = YES;
				CLANG_WARN_OBJC_LITERAL_CONVERSION = YES;
				CLANG_WARN_OBJC_ROOT_CLASS = YES_ERROR;
				CLANG_WARN_QUOTED_INCLUDE_IN_FRAMEWORK_HEADER = YES;
				CLANG_WARN_RANGE_LOOP_ANALYSIS = YES;
				CLANG_WARN_STRICT_PROTOTYPES = YES;
				CLANG_WARN_SUSPICIOUS_MOVE = YES;
				CLANG_WARN_UNGUARDED_AVAILABILITY = YES_AGGRESSIVE;
				CLANG_WARN_UNREACHABLE_CODE = YES;
				CLANG_WARN__DUPLICATE_METHOD_MATCH = YES;
				COPY_PHASE_STRIP = NO;
				DEBUG_INFORMATION_FORMAT = "dwarf-with-dsym";
				ENABLE_NS_ASSERTIONS = NO;
				ENABLE_STRICT_OBJC_MSGSEND = YES;
				ENABLE_USER_SCRIPT_SANDBOXING = YES;
				GCC_C_LANGUAGE_STANDARD = gnu17;
				GCC_NO_COMMON_BLOCKS = YES;
				GCC_WARN_64_TO_32_BIT_CONVERSION = YES;
				GCC_WARN_ABOUT_RETURN_TYPE = YES_ERROR;
				GCC_WARN_UNDECLARED_SELECTOR = YES;
				GCC_WARN_UNINITIALIZED_AUTOS = YES_AGGRESSIVE;
				GCC_WARN_UNUSED_FUNCTION = YES;
				GCC_WARN_UNUSED_VARIABLE = YES;
				IPHONEOS_DEPLOYMENT_TARGET = 17.0;
				LOCALIZATION_PREFERS_STRING_CATALOGS = YES;
				MTL_ENABLE_DEBUG_INFO = NO;
				MTL_FAST_MATH = YES;
				SDKROOT = iphoneos;
				SWIFT_COMPILATION_MODE = wholemodule;
				VALIDATE_PRODUCT = YES;
			};
			name = Release;
		};
		F87D9DD22CD7E39400B87B0E /* Debug */ = {
			isa = XCBuildConfiguration;
			buildSettings = {
				ASSETCATALOG_COMPILER_APPICON_NAME = AppIcon;
				ASSETCATALOG_COMPILER_GLOBAL_ACCENT_COLOR_NAME = AccentColor;
				CODE_SIGN_STYLE = Automatic;
				CURRENT_PROJECT_VERSION = 1;
				DEVELOPMENT_TEAM = SL958GMGDS;
				GENERATE_INFOPLIST_FILE = YES;
				INFOPLIST_FILE = SportRadar/Info.plist;
				INFOPLIST_KEY_UIApplicationSupportsIndirectInputEvents = YES;
				INFOPLIST_KEY_UILaunchStoryboardName = LaunchScreen;
				INFOPLIST_KEY_UIMainStoryboardFile = Main;
				INFOPLIST_KEY_UISupportedInterfaceOrientations = UIInterfaceOrientationPortrait;
				LD_RUNPATH_SEARCH_PATHS = (
					"$(inherited)",
					"@executable_path/Frameworks",
				);
				MARKETING_VERSION = 1.0;
				PRODUCT_BUNDLE_IDENTIFIER = oriolsanz.SportRadar;
				PRODUCT_NAME = "$(TARGET_NAME)";
				SWIFT_EMIT_LOC_STRINGS = YES;
				SWIFT_VERSION = 5.0;
				TARGETED_DEVICE_FAMILY = "1,2";
			};
			name = Debug;
		};
		F87D9DD32CD7E39400B87B0E /* Release */ = {
			isa = XCBuildConfiguration;
			buildSettings = {
				ASSETCATALOG_COMPILER_APPICON_NAME = AppIcon;
				ASSETCATALOG_COMPILER_GLOBAL_ACCENT_COLOR_NAME = AccentColor;
				CODE_SIGN_STYLE = Automatic;
				CURRENT_PROJECT_VERSION = 1;
				DEVELOPMENT_TEAM = SL958GMGDS;
				GENERATE_INFOPLIST_FILE = YES;
				INFOPLIST_FILE = SportRadar/Info.plist;
				INFOPLIST_KEY_UIApplicationSupportsIndirectInputEvents = YES;
				INFOPLIST_KEY_UILaunchStoryboardName = LaunchScreen;
				INFOPLIST_KEY_UIMainStoryboardFile = Main;
				INFOPLIST_KEY_UISupportedInterfaceOrientations = UIInterfaceOrientationPortrait;
				LD_RUNPATH_SEARCH_PATHS = (
					"$(inherited)",
					"@executable_path/Frameworks",
				);
				MARKETING_VERSION = 1.0;
				PRODUCT_BUNDLE_IDENTIFIER = oriolsanz.SportRadar;
				PRODUCT_NAME = "$(TARGET_NAME)";
				SWIFT_EMIT_LOC_STRINGS = YES;
				SWIFT_VERSION = 5.0;
				TARGETED_DEVICE_FAMILY = "1,2";
			};
			name = Release;
		};
		F87D9DD52CD7E39400B87B0E /* Debug */ = {
			isa = XCBuildConfiguration;
			buildSettings = {
				ALWAYS_EMBED_SWIFT_STANDARD_LIBRARIES = YES;
				BUNDLE_LOADER = "$(TEST_HOST)";
				CODE_SIGN_STYLE = Automatic;
				CURRENT_PROJECT_VERSION = 1;
				DEVELOPMENT_TEAM = SL958GMGDS;
				GENERATE_INFOPLIST_FILE = YES;
				IPHONEOS_DEPLOYMENT_TARGET = 17.0;
				MARKETING_VERSION = 1.0;
				PRODUCT_BUNDLE_IDENTIFIER = oriolsanz.SportRadarTests;
				PRODUCT_NAME = "$(TARGET_NAME)";
				SWIFT_EMIT_LOC_STRINGS = NO;
				SWIFT_VERSION = 5.0;
				TARGETED_DEVICE_FAMILY = "1,2";
				TEST_HOST = "$(BUILT_PRODUCTS_DIR)/SportRadar.app/$(BUNDLE_EXECUTABLE_FOLDER_PATH)/SportRadar";
			};
			name = Debug;
		};
		F87D9DD62CD7E39400B87B0E /* Release */ = {
			isa = XCBuildConfiguration;
			buildSettings = {
				ALWAYS_EMBED_SWIFT_STANDARD_LIBRARIES = YES;
				BUNDLE_LOADER = "$(TEST_HOST)";
				CODE_SIGN_STYLE = Automatic;
				CURRENT_PROJECT_VERSION = 1;
				DEVELOPMENT_TEAM = SL958GMGDS;
				GENERATE_INFOPLIST_FILE = YES;
				IPHONEOS_DEPLOYMENT_TARGET = 17.0;
				MARKETING_VERSION = 1.0;
				PRODUCT_BUNDLE_IDENTIFIER = oriolsanz.SportRadarTests;
				PRODUCT_NAME = "$(TARGET_NAME)";
				SWIFT_EMIT_LOC_STRINGS = NO;
				SWIFT_VERSION = 5.0;
				TARGETED_DEVICE_FAMILY = "1,2";
				TEST_HOST = "$(BUILT_PRODUCTS_DIR)/SportRadar.app/$(BUNDLE_EXECUTABLE_FOLDER_PATH)/SportRadar";
			};
			name = Release;
		};
		F87D9DD82CD7E39400B87B0E /* Debug */ = {
			isa = XCBuildConfiguration;
			buildSettings = {
				ALWAYS_EMBED_SWIFT_STANDARD_LIBRARIES = YES;
				CODE_SIGN_STYLE = Automatic;
				CURRENT_PROJECT_VERSION = 1;
				DEVELOPMENT_TEAM = SL958GMGDS;
				GENERATE_INFOPLIST_FILE = YES;
				MARKETING_VERSION = 1.0;
				PRODUCT_BUNDLE_IDENTIFIER = oriolsanz.SportRadarUITests;
				PRODUCT_NAME = "$(TARGET_NAME)";
				SWIFT_EMIT_LOC_STRINGS = NO;
				SWIFT_VERSION = 5.0;
				TARGETED_DEVICE_FAMILY = "1,2";
				TEST_TARGET_NAME = SportRadar;
			};
			name = Debug;
		};
		F87D9DD92CD7E39400B87B0E /* Release */ = {
			isa = XCBuildConfiguration;
			buildSettings = {
				ALWAYS_EMBED_SWIFT_STANDARD_LIBRARIES = YES;
				CODE_SIGN_STYLE = Automatic;
				CURRENT_PROJECT_VERSION = 1;
				DEVELOPMENT_TEAM = SL958GMGDS;
				GENERATE_INFOPLIST_FILE = YES;
				MARKETING_VERSION = 1.0;
				PRODUCT_BUNDLE_IDENTIFIER = oriolsanz.SportRadarUITests;
				PRODUCT_NAME = "$(TARGET_NAME)";
				SWIFT_EMIT_LOC_STRINGS = NO;
				SWIFT_VERSION = 5.0;
				TARGETED_DEVICE_FAMILY = "1,2";
				TEST_TARGET_NAME = SportRadar;
			};
			name = Release;
		};
/* End XCBuildConfiguration section */

/* Begin XCConfigurationList section */
		F87D9DA22CD7E39300B87B0E /* Build configuration list for PBXProject "SportRadar" */ = {
			isa = XCConfigurationList;
			buildConfigurations = (
				F87D9DCF2CD7E39400B87B0E /* Debug */,
				F87D9DD02CD7E39400B87B0E /* Release */,
			);
			defaultConfigurationIsVisible = 0;
			defaultConfigurationName = Release;
		};
		F87D9DD12CD7E39400B87B0E /* Build configuration list for PBXNativeTarget "SportRadar" */ = {
			isa = XCConfigurationList;
			buildConfigurations = (
				F87D9DD22CD7E39400B87B0E /* Debug */,
				F87D9DD32CD7E39400B87B0E /* Release */,
			);
			defaultConfigurationIsVisible = 0;
			defaultConfigurationName = Release;
		};
		F87D9DD42CD7E39400B87B0E /* Build configuration list for PBXNativeTarget "SportRadarTests" */ = {
			isa = XCConfigurationList;
			buildConfigurations = (
				F87D9DD52CD7E39400B87B0E /* Debug */,
				F87D9DD62CD7E39400B87B0E /* Release */,
			);
			defaultConfigurationIsVisible = 0;
			defaultConfigurationName = Release;
		};
		F87D9DD72CD7E39400B87B0E /* Build configuration list for PBXNativeTarget "SportRadarUITests" */ = {
			isa = XCConfigurationList;
			buildConfigurations = (
				F87D9DD82CD7E39400B87B0E /* Debug */,
				F87D9DD92CD7E39400B87B0E /* Release */,
			);
			defaultConfigurationIsVisible = 0;
			defaultConfigurationName = Release;
		};
/* End XCConfigurationList section */
	};
	rootObject = F87D9D9F2CD7E39300B87B0E /* Project object */;
}
